
Microsoft Visual Studio Solution File, Format Version 12.00
# Visual Studio Version 17
VisualStudioVersion = 17.6.33829.357
MinimumVisualStudioVersion = 10.0.40219.1
Project("{FAE04EC0-301F-11D3-BF4B-00C04F79EFBC}") = "Creating_texting_File", "Creating_texting_File\Creating_texting_File.csproj", "{EF76274F-2F9D-42B4-B4C1-4590D8069F59}"
EndProject
Global
	GlobalSection(SolutionConfigurationPlatforms) = preSolution
		Debug|Any CPU = Debug|Any CPU
		Release|Any CPU = Release|Any CPU
	EndGlobalSection
	GlobalSection(ProjectConfigurationPlatforms) = postSolution
		{EF76274F-2F9D-42B4-B4C1-4590D8069F59}.Debug|Any CPU.ActiveCfg = Debug|Any CPU
		{EF76274F-2F9D-42B4-B4C1-4590D8069F59}.Debug|Any CPU.Build.0 = Debug|Any CPU
		{EF76274F-2F9D-42B4-B4C1-4590D8069F59}.Release|Any CPU.ActiveCfg = Release|Any CPU
		{EF76274F-2F9D-42B4-B4C1-4590D8069F59}.Release|Any CPU.Build.0 = Release|Any CPU
	EndGlobalSection
	GlobalSection(SolutionProperties) = preSolution
		HideSolutionNode = FALSE
	EndGlobalSection
	GlobalSection(ExtensibilityGlobals) = postSolution
		SolutionGuid = {6FE37DBD-1EC4-4A60-A38E-0C3F72DCE1DF}
	EndGlobalSection
EndGlobal
